---
name: "toggle_lock"
runner_type: "python-script"
description: "Toggle a lock"
enabled: true
entry_point: "command.py"
parameters:
  device_type:
    type: "string"
    default: "lock"
    immutable: true
  device_id:
    type: "string"
    description: "ID of switch"
    required: true
  command:
    type: "string"
    default: "toggle"
    immutable: true
