---
name: create_public_ip_block
runner_type: python-script
description: Create a public IP block in a network domain
enabled: true
entry_point: run_compute_network_domain.py
parameters:
  action:
    type: string
    immutable: true
    default: ex_add_public_ip_block_to_network_domain
  region:
    type: string
    description: The region code
    default: dd-na
  network_domain_id:
    type: string
    description: The ID of the network domain 
